
Microsoft Visual Studio Solution File, Format Version 12.00
# Visual Studio Version 17
VisualStudioVersion = 17.0.31903.59
MinimumVisualStudioVersion = 10.0.40219.1
Project("{2150E333-8FDC-42A3-9474-1A3956D46DE8}") = "src", "src", "{827E0CD3-B72D-47B6-A68D-7590B98EB39B}"
EndProject
Project("{FAE04EC0-301F-11D3-BF4B-00C04F79EFBC}") = "Starboard.SharedKernel", "src\Starboard.SharedKernel\Starboard.SharedKernel.csproj", "{D462E766-BF67-490E-8389-9B7068C2DEE5}"
EndProject
Project("{2150E333-8FDC-42A3-9474-1A3956D46DE8}") = "Modules", "Modules", "{EC447DCF-ABFA-6E24-52A5-D7FD48A5C558}"
EndProject
Project("{FAE04EC0-301F-11D3-BF4B-00C04F79EFBC}") = "Starboard.Modules.Terminal", "src\Modules\Starboard.Modules.Terminal\Starboard.Modules.Terminal.csproj", "{8300D4B8-9C6D-4900-A43B-3534EBA354D6}"
EndProject
Project("{FAE04EC0-301F-11D3-BF4B-00C04F79EFBC}") = "Starboard.Modules.DesktopIntegration", "src\Modules\Starboard.Modules.DesktopIntegration\Starboard.Modules.DesktopIntegration.csproj", "{B5743C13-E58E-48DA-B97F-A2DEA699E7E8}"
EndProject
Project("{FAE04EC0-301F-11D3-BF4B-00C04F79EFBC}") = "Starboard.Modules.Preferences", "src\Modules\Starboard.Modules.Preferences\Starboard.Modules.Preferences.csproj", "{0544734E-3C08-453E-94FA-66938A29CCA6}"
EndProject
Project("{FAE04EC0-301F-11D3-BF4B-00C04F79EFBC}") = "Starboard.Windows", "src\Starboard.Windows\Starboard.Windows.csproj", "{616274F8-1BD0-4FBC-A027-001E8D73EAEC}"
EndProject
Project("{2150E333-8FDC-42A3-9474-1A3956D46DE8}") = "tests", "tests", "{0AB3BF05-4346-4AA6-1389-037BE0695223}"
EndProject
Project("{FAE04EC0-301F-11D3-BF4B-00C04F79EFBC}") = "Starboard.ArchitectureTests", "tests\Starboard.ArchitectureTests\Starboard.ArchitectureTests.csproj", "{036ABF7C-13FA-4647-94BE-DC40280FB475}"
EndProject
Project("{FAE04EC0-301F-11D3-BF4B-00C04F79EFBC}") = "Starboard.Modules.Terminal.Tests", "tests\Starboard.Modules.Terminal.Tests\Starboard.Modules.Terminal.Tests.csproj", "{1AEDBEC3-72C7-4BC8-813E-285DFD32A6FD}"
EndProject
Project("{FAE04EC0-301F-11D3-BF4B-00C04F79EFBC}") = "Starboard.Modules.DesktopIntegration.Tests", "tests\Starboard.Modules.DesktopIntegration.Tests\Starboard.Modules.DesktopIntegration.Tests.csproj", "{32B205FE-E3D1-4AD2-9B5C-61AF6C82F40D}"
EndProject
Project("{FAE04EC0-301F-11D3-BF4B-00C04F79EFBC}") = "Starboard.Modules.Preferences.Tests", "tests\Starboard.Modules.Preferences.Tests\Starboard.Modules.Preferences.Tests.csproj", "{4F1A747E-39C9-46A7-9573-F120655B66D7}"
EndProject
Project("{FAE04EC0-301F-11D3-BF4B-00C04F79EFBC}") = "Starboard.IntegrationTests", "tests\Starboard.IntegrationTests\Starboard.IntegrationTests.csproj", "{825E3155-5E1D-46A1-B0EE-F1D457FA0D70}"
EndProject
Project("{FAE04EC0-301F-11D3-BF4B-00C04F79EFBC}") = "Starboard.ConPtyTestHost", "tests\Starboard.ConPtyTestHost\Starboard.ConPtyTestHost.csproj", "{75F4EF35-CD26-44EE-BAAD-ECC75AF83408}"
EndProject
Global
	GlobalSection(SolutionConfigurationPlatforms) = preSolution
		Debug|Any CPU = Debug|Any CPU
		Debug|x64 = Debug|x64
		Debug|x86 = Debug|x86
		Release|Any CPU = Release|Any CPU
		Release|x64 = Release|x64
		Release|x86 = Release|x86
	EndGlobalSection
	GlobalSection(ProjectConfigurationPlatforms) = postSolution
		{D462E766-BF67-490E-8389-9B7068C2DEE5}.Debug|Any CPU.ActiveCfg = Debug|Any CPU
		{D462E766-BF67-490E-8389-9B7068C2DEE5}.Debug|Any CPU.Build.0 = Debug|Any CPU
		{D462E766-BF67-490E-8389-9B7068C2DEE5}.Debug|x64.ActiveCfg = Debug|Any CPU
		{D462E766-BF67-490E-8389-9B7068C2DEE5}.Debug|x64.Build.0 = Debug|Any CPU
		{D462E766-BF67-490E-8389-9B7068C2DEE5}.Debug|x86.ActiveCfg = Debug|Any CPU
		{D462E766-BF67-490E-8389-9B7068C2DEE5}.Debug|x86.Build.0 = Debug|Any CPU
		{D462E766-BF67-490E-8389-9B7068C2DEE5}.Release|Any CPU.ActiveCfg = Release|Any CPU
		{D462E766-BF67-490E-8389-9B7068C2DEE5}.Release|Any CPU.Build.0 = Release|Any CPU
		{D462E766-BF67-490E-8389-9B7068C2DEE5}.Release|x64.ActiveCfg = Release|Any CPU
		{D462E766-BF67-490E-8389-9B7068C2DEE5}.Release|x64.Build.0 = Release|Any CPU
		{D462E766-BF67-490E-8389-9B7068C2DEE5}.Release|x86.ActiveCfg = Release|Any CPU
		{D462E766-BF67-490E-8389-9B7068C2DEE5}.Release|x86.Build.0 = Release|Any CPU
		{8300D4B8-9C6D-4900-A43B-3534EBA354D6}.Debug|Any CPU.ActiveCfg = Debug|Any CPU
		{8300D4B8-9C6D-4900-A43B-3534EBA354D6}.Debug|Any CPU.Build.0 = Debug|Any CPU
		{8300D4B8-9C6D-4900-A43B-3534EBA354D6}.Debug|x64.ActiveCfg = Debug|Any CPU
		{8300D4B8-9C6D-4900-A43B-3534EBA354D6}.Debug|x64.Build.0 = Debug|Any CPU
		{8300D4B8-9C6D-4900-A43B-3534EBA354D6}.Debug|x86.ActiveCfg = Debug|Any CPU
		{8300D4B8-9C6D-4900-A43B-3534EBA354D6}.Debug|x86.Build.0 = Debug|Any CPU
		{8300D4B8-9C6D-4900-A43B-3534EBA354D6}.Release|Any CPU.ActiveCfg = Release|Any CPU
		{8300D4B8-9C6D-4900-A43B-3534EBA354D6}.Release|Any CPU.Build.0 = Release|Any CPU
		{8300D4B8-9C6D-4900-A43B-3534EBA354D6}.Release|x64.ActiveCfg = Release|Any CPU
		{8300D4B8-9C6D-4900-A43B-3534EBA354D6}.Release|x64.Build.0 = Release|Any CPU
		{8300D4B8-9C6D-4900-A43B-3534EBA354D6}.Release|x86.ActiveCfg = Release|Any CPU
		{8300D4B8-9C6D-4900-A43B-3534EBA354D6}.Release|x86.Build.0 = Release|Any CPU
		{B5743C13-E58E-48DA-B97F-A2DEA699E7E8}.Debug|Any CPU.ActiveCfg = Debug|Any CPU
		{B5743C13-E58E-48DA-B97F-A2DEA699E7E8}.Debug|Any CPU.Build.0 = Debug|Any CPU
		{B5743C13-E58E-48DA-B97F-A2DEA699E7E8}.Debug|x64.ActiveCfg = Debug|Any CPU
		{B5743C13-E58E-48DA-B97F-A2DEA699E7E8}.Debug|x64.Build.0 = Debug|Any CPU
		{B5743C13-E58E-48DA-B97F-A2DEA699E7E8}.Debug|x86.ActiveCfg = Debug|Any CPU
		{B5743C13-E58E-48DA-B97F-A2DEA699E7E8}.Debug|x86.Build.0 = Debug|Any CPU
		{B5743C13-E58E-48DA-B97F-A2DEA699E7E8}.Release|Any CPU.ActiveCfg = Release|Any CPU
		{B5743C13-E58E-48DA-B97F-A2DEA699E7E8}.Release|Any CPU.Build.0 = Release|Any CPU
		{B5743C13-E58E-48DA-B97F-A2DEA699E7E8}.Release|x64.ActiveCfg = Release|Any CPU
		{B5743C13-E58E-48DA-B97F-A2DEA699E7E8}.Release|x64.Build.0 = Release|Any CPU
		{B5743C13-E58E-48DA-B97F-A2DEA699E7E8}.Release|x86.ActiveCfg = Release|Any CPU
		{B5743C13-E58E-48DA-B97F-A2DEA699E7E8}.Release|x86.Build.0 = Release|Any CPU
		{0544734E-3C08-453E-94FA-66938A29CCA6}.Debug|Any CPU.ActiveCfg = Debug|Any CPU
		{0544734E-3C08-453E-94FA-66938A29CCA6}.Debug|Any CPU.Build.0 = Debug|Any CPU
		{0544734E-3C08-453E-94FA-66938A29CCA6}.Debug|x64.ActiveCfg = Debug|Any CPU
		{0544734E-3C08-453E-94FA-66938A29CCA6}.Debug|x64.Build.0 = Debug|Any CPU
		{0544734E-3C08-453E-94FA-66938A29CCA6}.Debug|x86.ActiveCfg = Debug|Any CPU
		{0544734E-3C08-453E-94FA-66938A29CCA6}.Debug|x86.Build.0 = Debug|Any CPU
		{0544734E-3C08-453E-94FA-66938A29CCA6}.Release|Any CPU.ActiveCfg = Release|Any CPU
		{0544734E-3C08-453E-94FA-66938A29CCA6}.Release|Any CPU.Build.0 = Release|Any CPU
		{0544734E-3C08-453E-94FA-66938A29CCA6}.Release|x64.ActiveCfg = Release|Any CPU
		{0544734E-3C08-453E-94FA-66938A29CCA6}.Release|x64.Build.0 = Release|Any CPU
		{0544734E-3C08-453E-94FA-66938A29CCA6}.Release|x86.ActiveCfg = Release|Any CPU
		{0544734E-3C08-453E-94FA-66938A29CCA6}.Release|x86.Build.0 = Release|Any CPU
		{616274F8-1BD0-4FBC-A027-001E8D73EAEC}.Debug|Any CPU.ActiveCfg = Debug|Any CPU
		{616274F8-1BD0-4FBC-A027-001E8D73EAEC}.Debug|Any CPU.Build.0 = Debug|Any CPU
		{616274F8-1BD0-4FBC-A027-001E8D73EAEC}.Debug|x64.ActiveCfg = Debug|Any CPU
		{616274F8-1BD0-4FBC-A027-001E8D73EAEC}.Debug|x64.Build.0 = Debug|Any CPU
		{616274F8-1BD0-4FBC-A027-001E8D73EAEC}.Debug|x86.ActiveCfg = Debug|Any CPU
		{616274F8-1BD0-4FBC-A027-001E8D73EAEC}.Debug|x86.Build.0 = Debug|Any CPU
		{616274F8-1BD0-4FBC-A027-001E8D73EAEC}.Release|Any CPU.ActiveCfg = Release|Any CPU
		{616274F8-1BD0-4FBC-A027-001E8D73EAEC}.Release|Any CPU.Build.0 = Release|Any CPU
		{616274F8-1BD0-4FBC-A027-001E8D73EAEC}.Release|x64.ActiveCfg = Release|Any CPU
		{616274F8-1BD0-4FBC-A027-001E8D73EAEC}.Release|x64.Build.0 = Release|Any CPU
		{616274F8-1BD0-4FBC-A027-001E8D73EAEC}.Release|x86.ActiveCfg = Release|Any CPU
		{616274F8-1BD0-4FBC-A027-001E8D73EAEC}.Release|x86.Build.0 = Release|Any CPU
		{036ABF7C-13FA-4647-94BE-DC40280FB475}.Debug|Any CPU.ActiveCfg = Debug|Any CPU
		{036ABF7C-13FA-4647-94BE-DC40280FB475}.Debug|Any CPU.Build.0 = Debug|Any CPU
		{036ABF7C-13FA-4647-94BE-DC40280FB475}.Debug|x64.ActiveCfg = Debug|Any CPU
		{036ABF7C-13FA-4647-94BE-DC40280FB475}.Debug|x64.Build.0 = Debug|Any CPU
		{036ABF7C-13FA-4647-94BE-DC40280FB475}.Debug|x86.ActiveCfg = Debug|Any CPU
		{036ABF7C-13FA-4647-94BE-DC40280FB475}.Debug|x86.Build.0 = Debug|Any CPU
		{036ABF7C-13FA-4647-94BE-DC40280FB475}.Release|Any CPU.ActiveCfg = Release|Any CPU
		{036ABF7C-13FA-4647-94BE-DC40280FB475}.Release|Any CPU.Build.0 = Release|Any CPU
		{036ABF7C-13FA-4647-94BE-DC40280FB475}.Release|x64.ActiveCfg = Release|Any CPU
		{036ABF7C-13FA-4647-94BE-DC40280FB475}.Release|x64.Build.0 = Release|Any CPU
		{036ABF7C-13FA-4647-94BE-DC40280FB475}.Release|x86.ActiveCfg = Release|Any CPU
		{036ABF7C-13FA-4647-94BE-DC40280FB475}.Release|x86.Build.0 = Release|Any CPU
		{1AEDBEC3-72C7-4BC8-813E-285DFD32A6FD}.Debug|Any CPU.ActiveCfg = Debug|Any CPU
		{1AEDBEC3-72C7-4BC8-813E-285DFD32A6FD}.Debug|Any CPU.Build.0 = Debug|Any CPU
		{1AEDBEC3-72C7-4BC8-813E-285DFD32A6FD}.Debug|x64.ActiveCfg = Debug|Any CPU
		{1AEDBEC3-72C7-4BC8-813E-285DFD32A6FD}.Debug|x64.Build.0 = Debug|Any CPU
		{1AEDBEC3-72C7-4BC8-813E-285DFD32A6FD}.Debug|x86.ActiveCfg = Debug|Any CPU
		{1AEDBEC3-72C7-4BC8-813E-285DFD32A6FD}.Debug|x86.Build.0 = Debug|Any CPU
		{1AEDBEC3-72C7-4BC8-813E-285DFD32A6FD}.Release|Any CPU.ActiveCfg = Release|Any CPU
		{1AEDBEC3-72C7-4BC8-813E-285DFD32A6FD}.Release|Any CPU.Build.0 = Release|Any CPU
		{1AEDBEC3-72C7-4BC8-813E-285DFD32A6FD}.Release|x64.ActiveCfg = Release|Any CPU
		{1AEDBEC3-72C7-4BC8-813E-285DFD32A6FD}.Release|x64.Build.0 = Release|Any CPU
		{1AEDBEC3-72C7-4BC8-813E-285DFD32A6FD}.Release|x86.ActiveCfg = Release|Any CPU
		{1AEDBEC3-72C7-4BC8-813E-285DFD32A6FD}.Release|x86.Build.0 = Release|Any CPU
		{32B205FE-E3D1-4AD2-9B5C-61AF6C82F40D}.Debug|Any CPU.ActiveCfg = Debug|Any CPU
		{32B205FE-E3D1-4AD2-9B5C-61AF6C82F40D}.Debug|Any CPU.Build.0 = Debug|Any CPU
		{32B205FE-E3D1-4AD2-9B5C-61AF6C82F40D}.Debug|x64.ActiveCfg = Debug|Any CPU
		{32B205FE-E3D1-4AD2-9B5C-61AF6C82F40D}.Debug|x64.Build.0 = Debug|Any CPU
		{32B205FE-E3D1-4AD2-9B5C-61AF6C82F40D}.Debug|x86.ActiveCfg = Debug|Any CPU
		{32B205FE-E3D1-4AD2-9B5C-61AF6C82F40D}.Debug|x86.Build.0 = Debug|Any CPU
		{32B205FE-E3D1-4AD2-9B5C-61AF6C82F40D}.Release|Any CPU.ActiveCfg = Release|Any CPU
		{32B205FE-E3D1-4AD2-9B5C-61AF6C82F40D}.Release|Any CPU.Build.0 = Release|Any CPU
		{32B205FE-E3D1-4AD2-9B5C-61AF6C82F40D}.Release|x64.ActiveCfg = Release|Any CPU
		{32B205FE-E3D1-4AD2-9B5C-61AF6C82F40D}.Release|x64.Build.0 = Release|Any CPU
		{32B205FE-E3D1-4AD2-9B5C-61AF6C82F40D}.Release|x86.ActiveCfg = Release|Any CPU
		{32B205FE-E3D1-4AD2-9B5C-61AF6C82F40D}.Release|x86.Build.0 = Release|Any CPU
		{4F1A747E-39C9-46A7-9573-F120655B66D7}.Debug|Any CPU.ActiveCfg = Debug|Any CPU
		{4F1A747E-39C9-46A7-9573-F120655B66D7}.Debug|Any CPU.Build.0 = Debug|Any CPU
		{4F1A747E-39C9-46A7-9573-F120655B66D7}.Debug|x64.ActiveCfg = Debug|Any CPU
		{4F1A747E-39C9-46A7-9573-F120655B66D7}.Debug|x64.Build.0 = Debug|Any CPU
		{4F1A747E-39C9-46A7-9573-F120655B66D7}.Debug|x86.ActiveCfg = Debug|Any CPU
		{4F1A747E-39C9-46A7-9573-F120655B66D7}.Debug|x86.Build.0 = Debug|Any CPU
		{4F1A747E-39C9-46A7-9573-F120655B66D7}.Release|Any CPU.ActiveCfg = Release|Any CPU
		{4F1A747E-39C9-46A7-9573-F120655B66D7}.Release|Any CPU.Build.0 = Release|Any CPU
		{4F1A747E-39C9-46A7-9573-F120655B66D7}.Release|x64.ActiveCfg = Release|Any CPU
		{4F1A747E-39C9-46A7-9573-F120655B66D7}.Release|x64.Build.0 = Release|Any CPU
		{4F1A747E-39C9-46A7-9573-F120655B66D7}.Release|x86.ActiveCfg = Release|Any CPU
		{4F1A747E-39C9-46A7-9573-F120655B66D7}.Release|x86.Build.0 = Release|Any CPU
		{825E3155-5E1D-46A1-B0EE-F1D457FA0D70}.Debug|Any CPU.ActiveCfg = Debug|Any CPU
		{825E3155-5E1D-46A1-B0EE-F1D457FA0D70}.Debug|Any CPU.Build.0 = Debug|Any CPU
		{825E3155-5E1D-46A1-B0EE-F1D457FA0D70}.Debug|x64.ActiveCfg = Debug|Any CPU
		{825E3155-5E1D-46A1-B0EE-F1D457FA0D70}.Debug|x64.Build.0 = Debug|Any CPU
		{825E3155-5E1D-46A1-B0EE-F1D457FA0D70}.Debug|x86.ActiveCfg = Debug|Any CPU
		{825E3155-5E1D-46A1-B0EE-F1D457FA0D70}.Debug|x86.Build.0 = Debug|Any CPU
		{825E3155-5E1D-46A1-B0EE-F1D457FA0D70}.Release|Any CPU.ActiveCfg = Release|Any CPU
		{825E3155-5E1D-46A1-B0EE-F1D457FA0D70}.Release|Any CPU.Build.0 = Release|Any CPU
		{825E3155-5E1D-46A1-B0EE-F1D457FA0D70}.Release|x64.ActiveCfg = Release|Any CPU
		{825E3155-5E1D-46A1-B0EE-F1D457FA0D70}.Release|x64.Build.0 = Release|Any CPU
		{825E3155-5E1D-46A1-B0EE-F1D457FA0D70}.Release|x86.ActiveCfg = Release|Any CPU
		{825E3155-5E1D-46A1-B0EE-F1D457FA0D70}.Release|x86.Build.0 = Release|Any CPU
		{75F4EF35-CD26-44EE-BAAD-ECC75AF83408}.Debug|Any CPU.ActiveCfg = Debug|Any CPU
		{75F4EF35-CD26-44EE-BAAD-ECC75AF83408}.Debug|Any CPU.Build.0 = Debug|Any CPU
		{75F4EF35-CD26-44EE-BAAD-ECC75AF83408}.Debug|x64.ActiveCfg = Debug|Any CPU
		{75F4EF35-CD26-44EE-BAAD-ECC75AF83408}.Debug|x64.Build.0 = Debug|Any CPU
		{75F4EF35-CD26-44EE-BAAD-ECC75AF83408}.Debug|x86.ActiveCfg = Debug|Any CPU
		{75F4EF35-CD26-44EE-BAAD-ECC75AF83408}.Debug|x86.Build.0 = Debug|Any CPU
		{75F4EF35-CD26-44EE-BAAD-ECC75AF83408}.Release|Any CPU.ActiveCfg = Release|Any CPU
		{75F4EF35-CD26-44EE-BAAD-ECC75AF83408}.Release|Any CPU.Build.0 = Release|Any CPU
		{75F4EF35-CD26-44EE-BAAD-ECC75AF83408}.Release|x64.ActiveCfg = Release|Any CPU
		{75F4EF35-CD26-44EE-BAAD-ECC75AF83408}.Release|x64.Build.0 = Release|Any CPU
		{75F4EF35-CD26-44EE-BAAD-ECC75AF83408}.Release|x86.ActiveCfg = Release|Any CPU
		{75F4EF35-CD26-44EE-BAAD-ECC75AF83408}.Release|x86.Build.0 = Release|Any CPU
	EndGlobalSection
	GlobalSection(SolutionProperties) = preSolution
		HideSolutionNode = FALSE
	EndGlobalSection
	GlobalSection(NestedProjects) = preSolution
		{D462E766-BF67-490E-8389-9B7068C2DEE5} = {827E0CD3-B72D-47B6-A68D-7590B98EB39B}
		{EC447DCF-ABFA-6E24-52A5-D7FD48A5C558} = {827E0CD3-B72D-47B6-A68D-7590B98EB39B}
		{8300D4B8-9C6D-4900-A43B-3534EBA354D6} = {EC447DCF-ABFA-6E24-52A5-D7FD48A5C558}
		{B5743C13-E58E-48DA-B97F-A2DEA699E7E8} = {EC447DCF-ABFA-6E24-52A5-D7FD48A5C558}
		{0544734E-3C08-453E-94FA-66938A29CCA6} = {EC447DCF-ABFA-6E24-52A5-D7FD48A5C558}
		{616274F8-1BD0-4FBC-A027-001E8D73EAEC} = {827E0CD3-B72D-47B6-A68D-7590B98EB39B}
		{036ABF7C-13FA-4647-94BE-DC40280FB475} = {0AB3BF05-4346-4AA6-1389-037BE0695223}
		{1AEDBEC3-72C7-4BC8-813E-285DFD32A6FD} = {0AB3BF05-4346-4AA6-1389-037BE0695223}
		{32B205FE-E3D1-4AD2-9B5C-61AF6C82F40D} = {0AB3BF05-4346-4AA6-1389-037BE0695223}
		{4F1A747E-39C9-46A7-9573-F120655B66D7} = {0AB3BF05-4346-4AA6-1389-037BE0695223}
		{825E3155-5E1D-46A1-B0EE-F1D457FA0D70} = {0AB3BF05-4346-4AA6-1389-037BE0695223}
		{75F4EF35-CD26-44EE-BAAD-ECC75AF83408} = {0AB3BF05-4346-4AA6-1389-037BE0695223}
	EndGlobalSection
EndGlobal
